
Microsoft Visual Studio Solution File, Format Version 12.00
Project("{FAE04EC0-301F-11D3-BF4B-00C04F79EFBC}") = "Echo-Replica.Api", "src\Echo-Replica.Api\Echo-Replica.Api.csproj", "{2D2CC88E-67D3-45B5-961B-E9810A75BE51}"
EndProject
Project("{FAE04EC0-301F-11D3-BF4B-00C04F79EFBC}") = "Echo-Replica.Core", "src\Echo-Replica.Core\Echo-Replica.Core.csproj", "{C8C6C5A2-308B-4A13-B33D-D31156AE583F}"
EndProject
Project("{FAE04EC0-301F-11D3-BF4B-00C04F79EFBC}") = "Echo-Replica.Application", "src\Echo-Replica.Application\Echo-Replica.Application.csproj", "{AD04617C-5242-4806-9A8F-14D00556762A}"
EndProject
Global
	GlobalSection(SolutionConfigurationPlatforms) = preSolution
		Debug|Any CPU = Debug|Any CPU
		Release|Any CPU = Release|Any CPU
	EndGlobalSection
	GlobalSection(ProjectConfigurationPlatforms) = postSolution
		{2D2CC88E-67D3-45B5-961B-E9810A75BE51}.Debug|Any CPU.ActiveCfg = Debug|Any CPU
		{2D2CC88E-67D3-45B5-961B-E9810A75BE51}.Debug|Any CPU.Build.0 = Debug|Any CPU
		{2D2CC88E-67D3-45B5-961B-E9810A75BE51}.Release|Any CPU.ActiveCfg = Release|Any CPU
		{2D2CC88E-67D3-45B5-961B-E9810A75BE51}.Release|Any CPU.Build.0 = Release|Any CPU
		{C8C6C5A2-308B-4A13-B33D-D31156AE583F}.Debug|Any CPU.ActiveCfg = Debug|Any CPU
		{C8C6C5A2-308B-4A13-B33D-D31156AE583F}.Debug|Any CPU.Build.0 = Debug|Any CPU
		{C8C6C5A2-308B-4A13-B33D-D31156AE583F}.Release|Any CPU.ActiveCfg = Release|Any CPU
		{C8C6C5A2-308B-4A13-B33D-D31156AE583F}.Release|Any CPU.Build.0 = Release|Any CPU
		{AD04617C-5242-4806-9A8F-14D00556762A}.Debug|Any CPU.ActiveCfg = Debug|Any CPU
		{AD04617C-5242-4806-9A8F-14D00556762A}.Debug|Any CPU.Build.0 = Debug|Any CPU
		{AD04617C-5242-4806-9A8F-14D00556762A}.Release|Any CPU.ActiveCfg = Release|Any CPU
		{AD04617C-5242-4806-9A8F-14D00556762A}.Release|Any CPU.Build.0 = Release|Any CPU
	EndGlobalSection
EndGlobal
