
Microsoft Visual Studio Solution File, Format Version 12.00
Project("{FAE04EC0-301F-11D3-BF4B-00C04F79EFBC}") = "Echo-Replica.Core", "src\Echo-Replica.Core\Echo-Replica.Core.csproj", "{C8C6C5A2-308B-4A13-B33D-D31156AE583F}"
EndProject
Project("{FAE04EC0-301F-11D3-BF4B-00C04F79EFBC}") = "Echo-Replica.Application", "src\Echo-Replica.Application\Echo-Replica.Application.csproj", "{AD04617C-5242-4806-9A8F-14D00556762A}"
EndProject
Project("{FAE04EC0-301F-11D3-BF4B-00C04F79EFBC}") = "Echo-Replica.Infrastructure", "src\Echo-Replica.Infrastructure\Echo-Replica.Infrastructure.csproj", "{72C572AF-7C5F-4133-B859-4230C606B53F}"
EndProject
Project("{FAE04EC0-301F-11D3-BF4B-00C04F79EFBC}") = "TelegramHistoryExtractor", "src\TelegramHistoryExtractor\TelegramHistoryExtractor.csproj", "{5DDCF7B5-ECDC-4D06-93FE-7792524B7D9B}"
EndProject
Project("{2150E333-8FDC-42A3-9474-1A3956D46DE8}") = "Tests", "Tests", "{794F2F49-52C4-433A-B2A4-EC3907345F6C}"
EndProject
Project("{2150E333-8FDC-42A3-9474-1A3956D46DE8}") = "src", "src", "{092A0CB0-2642-46AD-A0DB-DEE90DFBD031}"
EndProject
Project("{FAE04EC0-301F-11D3-BF4B-00C04F79EFBC}") = "TelegramHistoryExtractor.UnitTests", "tests\TelegramHistoryExtractor.UnitTests\TelegramHistoryExtractor.UnitTests.csproj", "{5264B6B9-3CF2-4471-AB8A-BB1D084C54F5}"
EndProject
Global
	GlobalSection(SolutionConfigurationPlatforms) = preSolution
		Debug|Any CPU = Debug|Any CPU
		Release|Any CPU = Release|Any CPU
	EndGlobalSection
	GlobalSection(ProjectConfigurationPlatforms) = postSolution
		{C8C6C5A2-308B-4A13-B33D-D31156AE583F}.Debug|Any CPU.ActiveCfg = Debug|Any CPU
		{C8C6C5A2-308B-4A13-B33D-D31156AE583F}.Debug|Any CPU.Build.0 = Debug|Any CPU
		{C8C6C5A2-308B-4A13-B33D-D31156AE583F}.Release|Any CPU.ActiveCfg = Release|Any CPU
		{C8C6C5A2-308B-4A13-B33D-D31156AE583F}.Release|Any CPU.Build.0 = Release|Any CPU
		{AD04617C-5242-4806-9A8F-14D00556762A}.Debug|Any CPU.ActiveCfg = Debug|Any CPU
		{AD04617C-5242-4806-9A8F-14D00556762A}.Debug|Any CPU.Build.0 = Debug|Any CPU
		{AD04617C-5242-4806-9A8F-14D00556762A}.Release|Any CPU.ActiveCfg = Release|Any CPU
		{AD04617C-5242-4806-9A8F-14D00556762A}.Release|Any CPU.Build.0 = Release|Any CPU
		{72C572AF-7C5F-4133-B859-4230C606B53F}.Debug|Any CPU.ActiveCfg = Debug|Any CPU
		{72C572AF-7C5F-4133-B859-4230C606B53F}.Debug|Any CPU.Build.0 = Debug|Any CPU
		{72C572AF-7C5F-4133-B859-4230C606B53F}.Release|Any CPU.ActiveCfg = Release|Any CPU
		{72C572AF-7C5F-4133-B859-4230C606B53F}.Release|Any CPU.Build.0 = Release|Any CPU
		{5DDCF7B5-ECDC-4D06-93FE-7792524B7D9B}.Debug|Any CPU.ActiveCfg = Debug|Any CPU
		{5DDCF7B5-ECDC-4D06-93FE-7792524B7D9B}.Debug|Any CPU.Build.0 = Debug|Any CPU
		{5DDCF7B5-ECDC-4D06-93FE-7792524B7D9B}.Release|Any CPU.ActiveCfg = Release|Any CPU
		{5DDCF7B5-ECDC-4D06-93FE-7792524B7D9B}.Release|Any CPU.Build.0 = Release|Any CPU
		{5264B6B9-3CF2-4471-AB8A-BB1D084C54F5}.Debug|Any CPU.ActiveCfg = Debug|Any CPU
		{5264B6B9-3CF2-4471-AB8A-BB1D084C54F5}.Debug|Any CPU.Build.0 = Debug|Any CPU
		{5264B6B9-3CF2-4471-AB8A-BB1D084C54F5}.Release|Any CPU.ActiveCfg = Release|Any CPU
		{5264B6B9-3CF2-4471-AB8A-BB1D084C54F5}.Release|Any CPU.Build.0 = Release|Any CPU
	EndGlobalSection
	GlobalSection(NestedProjects) = preSolution
		{AD04617C-5242-4806-9A8F-14D00556762A} = {092A0CB0-2642-46AD-A0DB-DEE90DFBD031}
		{C8C6C5A2-308B-4A13-B33D-D31156AE583F} = {092A0CB0-2642-46AD-A0DB-DEE90DFBD031}
		{72C572AF-7C5F-4133-B859-4230C606B53F} = {092A0CB0-2642-46AD-A0DB-DEE90DFBD031}
		{5DDCF7B5-ECDC-4D06-93FE-7792524B7D9B} = {092A0CB0-2642-46AD-A0DB-DEE90DFBD031}
		{5264B6B9-3CF2-4471-AB8A-BB1D084C54F5} = {794F2F49-52C4-433A-B2A4-EC3907345F6C}
	EndGlobalSection
EndGlobal
